{
    "_readme": [
        "This file locks the dependencies of your project to a known state",
        "Read more about it at https://getcomposer.org/doc/01-basic-usage.md#installing-dependencies",
        "This file is @generated automatically"
    ],
    "content-hash": "26917b4df9e6c40f966e8b65ed4f9cb2",
    "packages": [
        {
            "name": "asset/uv",
            "version": "3.0.36",
            "dist": {
                "type": "zip",
                "url": "https://github.com/Daniel-KM/UniversalViewer/releases/download/3.0.36/uv.zip"
            },
            "type": "library"
        },
        {
            "name": "slowprog/composer-copy-file",
            "version": "0.3.1",
            "source": {
                "type": "git",
                "url": "https://github.com/slowprog/CopyFile.git",
                "reference": "5a82ba4613948f70b2d4b041c13c1c9259fc6477"
            },
            "dist": {
                "type": "zip",
                "url": "https://api.github.com/repos/slowprog/CopyFile/zipball/5a82ba4613948f70b2d4b041c13c1c9259fc6477",
                "reference": "5a82ba4613948f70b2d4b041c13c1c9259fc6477",
                "shasum": ""
            },
            "require": {
                "php": ">=5.6"
            },
            "require-dev": {
                "composer/composer": "1.0.*@dev",
                "mikey179/vfsstream": "~1",
                "php-mock/php-mock-phpunit": "~1",
                "phpunit/phpunit": "5.7.27",
                "symfony/filesystem": "~2.7",
                "symfony/finder": "~2.7"
            },
            "type": "library",
            "autoload": {
                "psr-4": {
                    "SlowProg\\CopyFile\\": ""
                }
            },
            "notification-url": "https://packagist.org/downloads/",
            "license": [
                "MIT"
            ],
            "authors": [
                {
                    "name": "Andrey Tyshev",
                    "email": "slowprog@gmail.com"
                }
            ],
            "description": "Composer script copying your files after install",
            "homepage": "https://github.com/SlowProg/composer-copy-file",
            "keywords": [
                "copy file"
            ],
            "time": "2019-01-10T05:06:10+00:00"
        }
    ],
    "packages-dev": [],
    "aliases": [],
    "minimum-stability": "stable",
    "stability-flags": [],
    "prefer-stable": false,
    "prefer-lowest": false,
    "platform": [],
    "platform-dev": [],
    "plugin-api-version": "1.1.0"
}
